{
  "version": 4,
  "terraform_version": "1.8.0",
  "serial": 26,
  "lineage": "59aa1565-ba14-61e8-70ec-fcee8bc97e48",
  "outputs": {},
  "resources": [
    {
      "mode": "managed",
      "type": "aws_iam_user",
      "name": "lb",
      "provider": "provider[\"registry.terraform.io/hashicorp/aws\"]",
      "instances": [
        {
          "schema_version": 0,
          "attributes": {
            "arn": "arn:aws:iam::391970746680:user/demoiamuser",
            "force_destroy": false,
            "id": "demoiamuser",
            "name": "demoiamuser",
            "path": "/",
            "permissions_boundary": "",
            "tags": null,
            "tags_all": {},
            "unique_id": "AIDAVWQ2G6E4EBEPCB5FR"
          },
          "sensitive_attributes": [],
          "private": "bnVsbA=="
        }
      ]
    }
  ],
  "check_results": null
}
