{
  "version": 4,
  "terraform_version": "1.8.0",
  "serial": 3,
  "lineage": "e06c4ede-4cd0-257d-a204-46b30d63e564",
  "outputs": {},
  "resources": [
    {
      "mode": "managed",
      "type": "aws_instance",
      "name": "web1",
      "provider": "provider[\"registry.terraform.io/hashicorp/aws\"]",
      "instances": [
        {
          "schema_version": 1,
          "attributes": {
            "ami": "ami-0cf70e1d861e1dfb8",
            "arn": "arn:aws:ec2:ap-southeast-2:391970746680:instance/i-062a9df195491e650",
            "associate_public_ip_address": true,
            "availability_zone": "ap-southeast-2b",
            "capacity_reservation_specification": [
              {
                "capacity_reservation_preference": "open",
                "capacity_reservation_target": []
              }
            ],
            "cpu_core_count": 1,
            "cpu_options": [
              {
                "amd_sev_snp": "",
                "core_count": 1,
                "threads_per_core": 1
              }
            ],
            "cpu_threads_per_core": 1,
            "credit_specification": [
              {
                "cpu_credits": "standard"
              }
            ],
            "disable_api_stop": false,
            "disable_api_termination": false,
            "ebs_block_device": [],
            "ebs_optimized": false,
            "enclave_options": [
              {
                "enabled": false
              }
            ],
            "ephemeral_block_device": [],
            "get_password_data": false,
            "hibernation": false,
            "host_id": "",
            "host_resource_group_arn": null,
            "iam_instance_profile": "",
            "id": "i-062a9df195491e650",
            "instance_initiated_shutdown_behavior": "stop",
            "instance_lifecycle": "",
            "instance_market_options": [],
            "instance_state": "running",
            "instance_type": "t2.micro",
            "ipv6_address_count": 0,
            "ipv6_addresses": [],
            "key_name": "",
            "launch_template": [],
            "maintenance_options": [
              {
                "auto_recovery": "default"
              }
            ],
            "metadata_options": [
              {
                "http_endpoint": "enabled",
                "http_protocol_ipv6": "disabled",
                "http_put_response_hop_limit": 2,
                "http_tokens": "required",
                "instance_metadata_tags": "disabled"
              }
            ],
            "monitoring": false,
            "network_interface": [],
            "outpost_arn": "",
            "password_data": "",
            "placement_group": "",
            "placement_partition_number": 0,
            "primary_network_interface_id": "eni-0ec8c9d9bf730d81f",
            "private_dns": "ip-172-31-11-119.ap-southeast-2.compute.internal",
            "private_dns_name_options": [
              {
                "enable_resource_name_dns_a_record": false,
                "enable_resource_name_dns_aaaa_record": false,
                "hostname_type": "ip-name"
              }
            ],
            "private_ip": "172.31.11.119",
            "public_dns": "ec2-3-25-106-250.ap-southeast-2.compute.amazonaws.com",
            "public_ip": "3.25.106.250",
            "root_block_device": [
              {
                "delete_on_termination": true,
                "device_name": "/dev/xvda",
                "encrypted": false,
                "iops": 3000,
                "kms_key_id": "",
                "tags": {
                  "Account": "Sandbox",
                  "Department": "Devops",
                  "roleId": "AWSReservedSSO_AdministratorAccess_4bcf0a4833f880a6",
                  "userId": "Sonu.Abraham@aremedia.com.au"
                },
                "tags_all": {
                  "Account": "Sandbox",
                  "Department": "Devops",
                  "roleId": "AWSReservedSSO_AdministratorAccess_4bcf0a4833f880a6",
                  "userId": "Sonu.Abraham@aremedia.com.au"
                },
                "throughput": 125,
                "volume_id": "vol-08a93f29bb4877c17",
                "volume_size": 8,
                "volume_type": "gp3"
              }
            ],
            "secondary_private_ips": [],
            "security_groups": [
              "default"
            ],
            "source_dest_check": true,
            "spot_instance_request_id": "",
            "subnet_id": "subnet-06e3a65f080884faa",
            "tags": {
              "Account": "Sandbox",
              "Department": "Devops",
              "Name": "TestTer1",
              "roleId": "AWSReservedSSO_AdministratorAccess_4bcf0a4833f880a6",
              "userId": "Sonu.Abraham@aremedia.com.au"
            },
            "tags_all": {
              "Account": "Sandbox",
              "Department": "Devops",
              "Name": "TestTer1",
              "roleId": "AWSReservedSSO_AdministratorAccess_4bcf0a4833f880a6",
              "userId": "Sonu.Abraham@aremedia.com.au"
            },
            "tenancy": "default",
            "timeouts": null,
            "user_data": null,
            "user_data_base64": null,
            "user_data_replace_on_change": false,
            "volume_tags": null,
            "vpc_security_group_ids": [
              "sg-01c03e0e264a09f54"
            ]
          },
          "sensitive_attributes": [],
          "private": "eyJlMmJmYjczMC1lY2FhLTExZTYtOGY4OC0zNDM2M2JjN2M0YzAiOnsiY3JlYXRlIjo2MDAwMDAwMDAwMDAsImRlbGV0ZSI6MTIwMDAwMDAwMDAwMCwicmVhZCI6OTAwMDAwMDAwMDAwLCJ1cGRhdGUiOjYwMDAwMDAwMDAwMH0sInNjaGVtYV92ZXJzaW9uIjoiMSJ9"
        }
      ]
    }
  ],
  "check_results": null
}
