{
  "version": 4,
  "terraform_version": "1.8.0",
  "serial": 44,
  "lineage": "da86c703-277e-267a-84da-b81d2f3d8520",
  "outputs": {},
  "resources": [
    {
      "mode": "managed",
      "type": "aws_security_group",
      "name": "allow_tls",
      "provider": "provider[\"registry.terraform.io/hashicorp/aws\"]",
      "instances": [
        {
          "schema_version": 1,
          "attributes": {
            "arn": "arn:aws:ec2:ap-southeast-2:391970746680:security-group/sg-0afef647bdef6c83a",
            "description": "Managed from Terraform",
            "egress": [],
            "id": "sg-0afef647bdef6c83a",
            "ingress": [],
            "name": "terraform-firewall",
            "name_prefix": "",
            "owner_id": "391970746680",
            "revoke_rules_on_delete": false,
            "tags": null,
            "tags_all": {},
            "timeouts": null,
            "vpc_id": "vpc-075b828bf115e5ace"
          },
          "sensitive_attributes": [],
          "private": "eyJlMmJmYjczMC1lY2FhLTExZTYtOGY4OC0zNDM2M2JjN2M0YzAiOnsiY3JlYXRlIjo2MDAwMDAwMDAwMDAsImRlbGV0ZSI6OTAwMDAwMDAwMDAwfSwic2NoZW1hX3ZlcnNpb24iOiIxIn0="
        }
      ]
    },
    {
      "mode": "managed",
      "type": "aws_vpc_security_group_ingress_rule",
      "name": "app_port",
      "provider": "provider[\"registry.terraform.io/hashicorp/aws\"]",
      "instances": [
        {
          "schema_version": 0,
          "attributes": {
            "arn": "arn:aws:ec2:ap-southeast-2:391970746680:security-group-rule/sgr-0ee1eb02c8b2cd865",
            "cidr_ipv4": "10.0.0.0/16",
            "cidr_ipv6": null,
            "description": null,
            "from_port": 8080,
            "id": "sgr-0ee1eb02c8b2cd865",
            "ip_protocol": "tcp",
            "prefix_list_id": null,
            "referenced_security_group_id": null,
            "security_group_id": "sg-0afef647bdef6c83a",
            "security_group_rule_id": "sgr-0ee1eb02c8b2cd865",
            "tags": null,
            "tags_all": {},
            "to_port": 8080
          },
          "sensitive_attributes": [],
          "dependencies": [
            "aws_security_group.allow_tls"
          ]
        }
      ]
    },
    {
      "mode": "managed",
      "type": "aws_vpc_security_group_ingress_rule",
      "name": "ftp_port",
      "provider": "provider[\"registry.terraform.io/hashicorp/aws\"]",
      "instances": [
        {
          "schema_version": 0,
          "attributes": {
            "arn": "arn:aws:ec2:ap-southeast-2:391970746680:security-group-rule/sgr-0b366959664738c93",
            "cidr_ipv4": "101.20.30.50/32",
            "cidr_ipv6": null,
            "description": null,
            "from_port": 21,
            "id": "sgr-0b366959664738c93",
            "ip_protocol": "tcp",
            "prefix_list_id": null,
            "referenced_security_group_id": null,
            "security_group_id": "sg-0afef647bdef6c83a",
            "security_group_rule_id": "sgr-0b366959664738c93",
            "tags": null,
            "tags_all": {},
            "to_port": 21
          },
          "sensitive_attributes": [],
          "dependencies": [
            "aws_security_group.allow_tls"
          ]
        }
      ]
    },
    {
      "mode": "managed",
      "type": "aws_vpc_security_group_ingress_rule",
      "name": "ssh_port",
      "provider": "provider[\"registry.terraform.io/hashicorp/aws\"]",
      "instances": [
        {
          "schema_version": 0,
          "attributes": {
            "arn": "arn:aws:ec2:ap-southeast-2:391970746680:security-group-rule/sgr-023543cc6c1750f4c",
            "cidr_ipv4": "10.0.0.0/16",
            "cidr_ipv6": null,
            "description": null,
            "from_port": 22,
            "id": "sgr-023543cc6c1750f4c",
            "ip_protocol": "tcp",
            "prefix_list_id": null,
            "referenced_security_group_id": null,
            "security_group_id": "sg-0afef647bdef6c83a",
            "security_group_rule_id": "sgr-023543cc6c1750f4c",
            "tags": null,
            "tags_all": {},
            "to_port": 22
          },
          "sensitive_attributes": [],
          "dependencies": [
            "aws_security_group.allow_tls"
          ]
        }
      ]
    }
  ],
  "check_results": null
}
